
Microsoft Visual Studio Solution File, Format Version 12.00
# Visual Studio Version 16
VisualStudioVersion = 16.0.31624.102
MinimumVisualStudioVersion = 10.0.40219.1
Project("{FAE04EC0-301F-11D3-BF4B-00C04F79EFBC}") = "Presentation", "2LayerApp\Presentation.csproj", "{0A66BA7F-D94E-4D5F-B4F5-B1CC85FB2523}"
EndProject
Project("{FAE04EC0-301F-11D3-BF4B-00C04F79EFBC}") = "DataAccess", "DataAccess\DataAccess.csproj", "{909A5592-3BAA-4C0C-B4E1-B2E08087B4C6}"
EndProject
Global
	GlobalSection(SolutionConfigurationPlatforms) = preSolution
		Debug|Any CPU = Debug|Any CPU
		Release|Any CPU = Release|Any CPU
	EndGlobalSection
	GlobalSection(ProjectConfigurationPlatforms) = postSolution
		{0A66BA7F-D94E-4D5F-B4F5-B1CC85FB2523}.Debug|Any CPU.ActiveCfg = Debug|Any CPU
		{0A66BA7F-D94E-4D5F-B4F5-B1CC85FB2523}.Debug|Any CPU.Build.0 = Debug|Any CPU
		{0A66BA7F-D94E-4D5F-B4F5-B1CC85FB2523}.Release|Any CPU.ActiveCfg = Release|Any CPU
		{0A66BA7F-D94E-4D5F-B4F5-B1CC85FB2523}.Release|Any CPU.Build.0 = Release|Any CPU
		{909A5592-3BAA-4C0C-B4E1-B2E08087B4C6}.Debug|Any CPU.ActiveCfg = Debug|Any CPU
		{909A5592-3BAA-4C0C-B4E1-B2E08087B4C6}.Debug|Any CPU.Build.0 = Debug|Any CPU
		{909A5592-3BAA-4C0C-B4E1-B2E08087B4C6}.Release|Any CPU.ActiveCfg = Release|Any CPU
		{909A5592-3BAA-4C0C-B4E1-B2E08087B4C6}.Release|Any CPU.Build.0 = Release|Any CPU
	EndGlobalSection
	GlobalSection(SolutionProperties) = preSolution
		HideSolutionNode = FALSE
	EndGlobalSection
	GlobalSection(ExtensibilityGlobals) = postSolution
		SolutionGuid = {1DD170B5-88FA-4EF5-80FA-496AD7A609E5}
	EndGlobalSection
EndGlobal
